{
    "packages": [
        {
            "name": "phpunit/phpunit",
            "version": "9.5.10",
            "source": {
                "type": "git",
                "url": "https://github.com/sebastianbergmann/phpunit.git",
                "reference": "bdf9b1db7f429c33a60f0b347cc66a0b66f5018f"
            },
            "dist": {
                "type": "tar",
                "url": "https://phar.phpunit.de/phpunit-9.5.10.phar",
                "reference": "bdf9b1db7f429c33a60f0b347cc66a0b66f5018f"
            },
            "autoload": {
                "psr-4": {
                    "PHPUnit\\": "src/"
                }
            },
            "scripts": {
                "post-install-cmd": [
                    "PHPUnit\\ScriptHandler::postInstall"
                ]
            }
        },
        {
            "name": "guzzlehttp/guzzle",
            "version": "7.4.1",
            "source": {
                "type": "git",
                "url": "https://github.com/guzzle/guzzle.git",
                "reference": "b9bc1f17f618229f67230bbbd307ff3207e69464"
            },
            "dist": {
                "type": "tar",
                "url": "https://github.com/guzzle/guzzle/archive/refs/tags/7.4.1.tar.gz",
                "reference": "b9bc1f17f618229f67230bbbd307ff3207e69464"
            },
            "autoload": {
                "psr-4": {
                    "GuzzleHttp\\": "src/"
                }
            },
            "scripts": {
                "post-install-cmd": [
                    "GuzzleHttp\\ScriptHandler::postInstall"
                ]
            }
        },
        {
            "name": "monolog/monolog",
            "version": "2.7.0",
            "source": {
                "type": "git",
                "url": "https://github.com/Seldaek/monolog.git",
                "reference": "1f23fa1a2c663bc51a98f401855365b0e9c6aef1"
            },
            "dist": {
                "type": "tar",
                "url": "https://github.com/Seldaek/monolog/archive/refs/tags/2.7.0.tar.gz",
                "reference": "1f23fa1a2c663bc51a98f401855365b0e9c6aef1"
            },
            "autoload": {
                "psr-4": {
                    "Monolog\\": "src/"
                }
            },
            "scripts": {
                "post-install-cmd": [
                    "Monolog\\ScriptHandler::postInstall"
                ]
            }
        },
        {
            "name": "ext-mysqli",
            "version": "latest",
            "source": {
                "type": "package",
                "url": "https://www.php.net/downloads.php",
                "reference": "latest"
            }
        },
        {
            "name": "ext-pdo_mysql",
            "version": "latest",
            "source": {
                "type": "package",
                "url": "https://www.php.net/downloads.php",
                "reference": "latest"
            }
        }
    ],
    "packages-dev": [
        {
            "name": "phpunit/phpunit",
            "version": "9.5.10",
            "source": {
                "type": "git",
                "url": "https://github.com/sebastianbergmann/phpunit.git",
                "reference": "bdf9b1db7f429c33a60f0b347cc66a0b66f5018f"
            }
        },
        {
            "name": "friendsofphp/php-cs-fixer",
            "version": "3.2.0",
            "source": {
                "type": "git",
                "url": "https://github.com/FriendsOfPHP/PHP-CS-Fixer.git",
                "reference": "4ba9827f2a9f38de3ae2d470f773457496c7d989"
            }
        }
    ],
    "config": {
        "preferred-install": "dist",
        "optimize-autoloader": true,
        "platform": {
            "php": "7.4.3"
        }
    },
    "version": "1.0",
    "content-hash": "abcd1234hashvalue"
}
